
Microsoft Visual Studio Solution File, Format Version 12.00
# Visual Studio 2013
VisualStudioVersion = 12.0.31101.0
MinimumVisualStudioVersion = 10.0.40219.1
Project("{8BC9CEB8-8B4A-11D0-8D11-00A0C91BC942}") = "MachineLearning", "MachineLearning\MachineLearning.vcxproj", "{60BC37E6-EC13-416A-B446-DEF1171F67FC}"
EndProject
Project("{8BC9CEB8-8B4A-11D0-8D11-00A0C91BC942}") = "ID3", "ID3\ID3.vcxproj", "{40E2070F-455D-4FF7-8217-B8495732340B}"
EndProject
Project("{8BC9CEB8-8B4A-11D0-8D11-00A0C91BC942}") = "NaiveBayes", "NaiveBayes\NaiveBayes.vcxproj", "{C08AD979-FED3-49ED-B7A2-AA3CCBEC2BC5}"
EndProject
Project("{8BC9CEB8-8B4A-11D0-8D11-00A0C91BC942}") = "KMeans", "KMeans\KMeans.vcxproj", "{A2ADCE93-1AFA-4A48-9FF4-F38C1C4899B4}"
EndProject
Project("{8BC9CEB8-8B4A-11D0-8D11-00A0C91BC942}") = "KNN", "KNN\KNN.vcxproj", "{F39997EE-498D-45A9-926E-29659F3A4D27}"
EndProject
Global
	GlobalSection(SolutionConfigurationPlatforms) = preSolution
		Debug|Win32 = Debug|Win32
		Release|Win32 = Release|Win32
	EndGlobalSection
	GlobalSection(ProjectConfigurationPlatforms) = postSolution
		{60BC37E6-EC13-416A-B446-DEF1171F67FC}.Debug|Win32.ActiveCfg = Debug|Win32
		{60BC37E6-EC13-416A-B446-DEF1171F67FC}.Debug|Win32.Build.0 = Debug|Win32
		{60BC37E6-EC13-416A-B446-DEF1171F67FC}.Release|Win32.ActiveCfg = Release|Win32
		{60BC37E6-EC13-416A-B446-DEF1171F67FC}.Release|Win32.Build.0 = Release|Win32
		{40E2070F-455D-4FF7-8217-B8495732340B}.Debug|Win32.ActiveCfg = Debug|Win32
		{40E2070F-455D-4FF7-8217-B8495732340B}.Debug|Win32.Build.0 = Debug|Win32
		{40E2070F-455D-4FF7-8217-B8495732340B}.Release|Win32.ActiveCfg = Release|Win32
		{40E2070F-455D-4FF7-8217-B8495732340B}.Release|Win32.Build.0 = Release|Win32
		{C08AD979-FED3-49ED-B7A2-AA3CCBEC2BC5}.Debug|Win32.ActiveCfg = Debug|Win32
		{C08AD979-FED3-49ED-B7A2-AA3CCBEC2BC5}.Debug|Win32.Build.0 = Debug|Win32
		{C08AD979-FED3-49ED-B7A2-AA3CCBEC2BC5}.Release|Win32.ActiveCfg = Release|Win32
		{C08AD979-FED3-49ED-B7A2-AA3CCBEC2BC5}.Release|Win32.Build.0 = Release|Win32
		{A2ADCE93-1AFA-4A48-9FF4-F38C1C4899B4}.Debug|Win32.ActiveCfg = Debug|Win32
		{A2ADCE93-1AFA-4A48-9FF4-F38C1C4899B4}.Debug|Win32.Build.0 = Debug|Win32
		{A2ADCE93-1AFA-4A48-9FF4-F38C1C4899B4}.Release|Win32.ActiveCfg = Release|Win32
		{A2ADCE93-1AFA-4A48-9FF4-F38C1C4899B4}.Release|Win32.Build.0 = Release|Win32
		{F39997EE-498D-45A9-926E-29659F3A4D27}.Debug|Win32.ActiveCfg = Debug|Win32
		{F39997EE-498D-45A9-926E-29659F3A4D27}.Debug|Win32.Build.0 = Debug|Win32
		{F39997EE-498D-45A9-926E-29659F3A4D27}.Release|Win32.ActiveCfg = Release|Win32
		{F39997EE-498D-45A9-926E-29659F3A4D27}.Release|Win32.Build.0 = Release|Win32
	EndGlobalSection
	GlobalSection(SolutionProperties) = preSolution
		HideSolutionNode = FALSE
	EndGlobalSection
EndGlobal
